
Microsoft Visual Studio Solution File, Format Version 12.00
# Visual Studio Version 17
VisualStudioVersion = 17.0.31903.59
MinimumVisualStudioVersion = 10.0.40219.1
Project("{FAE04EC0-301F-11D3-BF4B-00C04F79EFBC}") = "AccountingSystem.WPF", "AccountingSystem.WPF\AccountingSystem.WPF.csproj", "{BE71CFB3-33A9-4565-ACDD-9DCB9E993B91}"
EndProject
Project("{FAE04EC0-301F-11D3-BF4B-00C04F79EFBC}") = "AccountingSystem.Data", "AccountingSystem.Data\AccountingSystem.Data.csproj", "{6DDF8582-A89E-4B56-917C-9D595C921FC8}"
EndProject
Project("{FAE04EC0-301F-11D3-BF4B-00C04F79EFBC}") = "AccountingSystem.Business", "AccountingSystem.Business\AccountingSystem.Business.csproj", "{AADC1266-78DC-4092-93E9-2673944281C6}"
EndProject
Project("{FAE04EC0-301F-11D3-BF4B-00C04F79EFBC}") = "AccountingSystem.Models", "AccountingSystem.Models\AccountingSystem.Models.csproj", "{5C8155CB-E478-4EC6-8CFB-84B7073A10B3}"
EndProject
Global
	GlobalSection(SolutionConfigurationPlatforms) = preSolution
		Debug|Any CPU = Debug|Any CPU
		Debug|x64 = Debug|x64
		Debug|x86 = Debug|x86
		Release|Any CPU = Release|Any CPU
		Release|x64 = Release|x64
		Release|x86 = Release|x86
	EndGlobalSection
	GlobalSection(ProjectConfigurationPlatforms) = postSolution
		{BE71CFB3-33A9-4565-ACDD-9DCB9E993B91}.Debug|Any CPU.ActiveCfg = Debug|Any CPU
		{BE71CFB3-33A9-4565-ACDD-9DCB9E993B91}.Debug|Any CPU.Build.0 = Debug|Any CPU
		{BE71CFB3-33A9-4565-ACDD-9DCB9E993B91}.Debug|x64.ActiveCfg = Debug|Any CPU
		{BE71CFB3-33A9-4565-ACDD-9DCB9E993B91}.Debug|x64.Build.0 = Debug|Any CPU
		{BE71CFB3-33A9-4565-ACDD-9DCB9E993B91}.Debug|x86.ActiveCfg = Debug|Any CPU
		{BE71CFB3-33A9-4565-ACDD-9DCB9E993B91}.Debug|x86.Build.0 = Debug|Any CPU
		{BE71CFB3-33A9-4565-ACDD-9DCB9E993B91}.Release|Any CPU.ActiveCfg = Release|Any CPU
		{BE71CFB3-33A9-4565-ACDD-9DCB9E993B91}.Release|Any CPU.Build.0 = Release|Any CPU
		{BE71CFB3-33A9-4565-ACDD-9DCB9E993B91}.Release|x64.ActiveCfg = Release|Any CPU
		{BE71CFB3-33A9-4565-ACDD-9DCB9E993B91}.Release|x64.Build.0 = Release|Any CPU
		{BE71CFB3-33A9-4565-ACDD-9DCB9E993B91}.Release|x86.ActiveCfg = Release|Any CPU
		{BE71CFB3-33A9-4565-ACDD-9DCB9E993B91}.Release|x86.Build.0 = Release|Any CPU
		{6DDF8582-A89E-4B56-917C-9D595C921FC8}.Debug|Any CPU.ActiveCfg = Debug|Any CPU
		{6DDF8582-A89E-4B56-917C-9D595C921FC8}.Debug|Any CPU.Build.0 = Debug|Any CPU
		{6DDF8582-A89E-4B56-917C-9D595C921FC8}.Debug|x64.ActiveCfg = Debug|Any CPU
		{6DDF8582-A89E-4B56-917C-9D595C921FC8}.Debug|x64.Build.0 = Debug|Any CPU
		{6DDF8582-A89E-4B56-917C-9D595C921FC8}.Debug|x86.ActiveCfg = Debug|Any CPU
		{6DDF8582-A89E-4B56-917C-9D595C921FC8}.Debug|x86.Build.0 = Debug|Any CPU
		{6DDF8582-A89E-4B56-917C-9D595C921FC8}.Release|Any CPU.ActiveCfg = Release|Any CPU
		{6DDF8582-A89E-4B56-917C-9D595C921FC8}.Release|Any CPU.Build.0 = Release|Any CPU
		{6DDF8582-A89E-4B56-917C-9D595C921FC8}.Release|x64.ActiveCfg = Release|Any CPU
		{6DDF8582-A89E-4B56-917C-9D595C921FC8}.Release|x64.Build.0 = Release|Any CPU
		{6DDF8582-A89E-4B56-917C-9D595C921FC8}.Release|x86.ActiveCfg = Release|Any CPU
		{6DDF8582-A89E-4B56-917C-9D595C921FC8}.Release|x86.Build.0 = Release|Any CPU
		{AADC1266-78DC-4092-93E9-2673944281C6}.Debug|Any CPU.ActiveCfg = Debug|Any CPU
		{AADC1266-78DC-4092-93E9-2673944281C6}.Debug|Any CPU.Build.0 = Debug|Any CPU
		{AADC1266-78DC-4092-93E9-2673944281C6}.Debug|x64.ActiveCfg = Debug|Any CPU
		{AADC1266-78DC-4092-93E9-2673944281C6}.Debug|x64.Build.0 = Debug|Any CPU
		{AADC1266-78DC-4092-93E9-2673944281C6}.Debug|x86.ActiveCfg = Debug|Any CPU
		{AADC1266-78DC-4092-93E9-2673944281C6}.Debug|x86.Build.0 = Debug|Any CPU
		{AADC1266-78DC-4092-93E9-2673944281C6}.Release|Any CPU.ActiveCfg = Release|Any CPU
		{AADC1266-78DC-4092-93E9-2673944281C6}.Release|Any CPU.Build.0 = Release|Any CPU
		{AADC1266-78DC-4092-93E9-2673944281C6}.Release|x64.ActiveCfg = Release|Any CPU
		{AADC1266-78DC-4092-93E9-2673944281C6}.Release|x64.Build.0 = Release|Any CPU
		{AADC1266-78DC-4092-93E9-2673944281C6}.Release|x86.ActiveCfg = Release|Any CPU
		{AADC1266-78DC-4092-93E9-2673944281C6}.Release|x86.Build.0 = Release|Any CPU
		{5C8155CB-E478-4EC6-8CFB-84B7073A10B3}.Debug|Any CPU.ActiveCfg = Debug|Any CPU
		{5C8155CB-E478-4EC6-8CFB-84B7073A10B3}.Debug|Any CPU.Build.0 = Debug|Any CPU
		{5C8155CB-E478-4EC6-8CFB-84B7073A10B3}.Debug|x64.ActiveCfg = Debug|Any CPU
		{5C8155CB-E478-4EC6-8CFB-84B7073A10B3}.Debug|x64.Build.0 = Debug|Any CPU
		{5C8155CB-E478-4EC6-8CFB-84B7073A10B3}.Debug|x86.ActiveCfg = Debug|Any CPU
		{5C8155CB-E478-4EC6-8CFB-84B7073A10B3}.Debug|x86.Build.0 = Debug|Any CPU
		{5C8155CB-E478-4EC6-8CFB-84B7073A10B3}.Release|Any CPU.ActiveCfg = Release|Any CPU
		{5C8155CB-E478-4EC6-8CFB-84B7073A10B3}.Release|Any CPU.Build.0 = Release|Any CPU
		{5C8155CB-E478-4EC6-8CFB-84B7073A10B3}.Release|x64.ActiveCfg = Release|Any CPU
		{5C8155CB-E478-4EC6-8CFB-84B7073A10B3}.Release|x64.Build.0 = Release|Any CPU
		{5C8155CB-E478-4EC6-8CFB-84B7073A10B3}.Release|x86.ActiveCfg = Release|Any CPU
		{5C8155CB-E478-4EC6-8CFB-84B7073A10B3}.Release|x86.Build.0 = Release|Any CPU
	EndGlobalSection
	GlobalSection(SolutionProperties) = preSolution
		HideSolutionNode = FALSE
	EndGlobalSection
EndGlobal
